
Microsoft Visual Studio Solution File, Format Version 12.00
# Visual Studio Version 17
VisualStudioVersion = 17.3.32922.545
MinimumVisualStudioVersion = 10.0.40219.1
Project("{9A19103F-16F7-4668-BE54-9A1E7A4F7556}") = "Epam.TAF.Core", "Epam.TAF.Core\Epam.TAF.Core.csproj", "{6977DDCA-D26E-4493-97F3-B9FAD53A7D81}"
EndProject
Project("{9A19103F-16F7-4668-BE54-9A1E7A4F7556}") = "Epam.TAF.Utilities", "Epam.TAF.Utilities\Epam.TAF.Utilities.csproj", "{9938BD2C-3F82-4492-86F5-6A3BDA37EC09}"
EndProject
Project("{9A19103F-16F7-4668-BE54-9A1E7A4F7556}") = "Epam.TAF.Web", "Epam.TAF.Web\Epam.TAF.Web.csproj", "{8C55E235-C40E-4AC8-A677-9B7B1A53C95F}"
EndProject
Project("{9A19103F-16F7-4668-BE54-9A1E7A4F7556}") = "Epam.TAF.Tests", "Epam.TAF.Tests\Epam.TAF.Tests.csproj", "{E6D7640B-9411-49C8-81C8-FB45DE6DB146}"
EndProject
Project("{2150E333-8FDC-42A3-9474-1A3956D46DE8}") = "Solution Items", "Solution Items", "{50B624A8-3EDA-4D88-9FB7-030DDEE01DAC}"
	ProjectSection(SolutionItems) = preProject
		EpamTAF.runsettings = EpamTAF.runsettings
	EndProjectSection
EndProject
Project("{FAE04EC0-301F-11D3-BF4B-00C04F79EFBC}") = "Epam.TAF.TestData", "Epam.TAF.TestData\Epam.TAF.TestData.csproj", "{1ABF8625-2E6A-4BB6-800D-5BC03B22D326}"
EndProject
Global
	GlobalSection(SolutionConfigurationPlatforms) = preSolution
		Debug|Any CPU = Debug|Any CPU
		Release|Any CPU = Release|Any CPU
	EndGlobalSection
	GlobalSection(ProjectConfigurationPlatforms) = postSolution
		{6977DDCA-D26E-4493-97F3-B9FAD53A7D81}.Debug|Any CPU.ActiveCfg = Debug|Any CPU
		{6977DDCA-D26E-4493-97F3-B9FAD53A7D81}.Debug|Any CPU.Build.0 = Debug|Any CPU
		{6977DDCA-D26E-4493-97F3-B9FAD53A7D81}.Release|Any CPU.ActiveCfg = Release|Any CPU
		{6977DDCA-D26E-4493-97F3-B9FAD53A7D81}.Release|Any CPU.Build.0 = Release|Any CPU
		{9938BD2C-3F82-4492-86F5-6A3BDA37EC09}.Debug|Any CPU.ActiveCfg = Debug|Any CPU
		{9938BD2C-3F82-4492-86F5-6A3BDA37EC09}.Debug|Any CPU.Build.0 = Debug|Any CPU
		{9938BD2C-3F82-4492-86F5-6A3BDA37EC09}.Release|Any CPU.ActiveCfg = Release|Any CPU
		{9938BD2C-3F82-4492-86F5-6A3BDA37EC09}.Release|Any CPU.Build.0 = Release|Any CPU
		{8C55E235-C40E-4AC8-A677-9B7B1A53C95F}.Debug|Any CPU.ActiveCfg = Debug|Any CPU
		{8C55E235-C40E-4AC8-A677-9B7B1A53C95F}.Debug|Any CPU.Build.0 = Debug|Any CPU
		{8C55E235-C40E-4AC8-A677-9B7B1A53C95F}.Release|Any CPU.ActiveCfg = Release|Any CPU
		{8C55E235-C40E-4AC8-A677-9B7B1A53C95F}.Release|Any CPU.Build.0 = Release|Any CPU
		{E6D7640B-9411-49C8-81C8-FB45DE6DB146}.Debug|Any CPU.ActiveCfg = Debug|Any CPU
		{E6D7640B-9411-49C8-81C8-FB45DE6DB146}.Debug|Any CPU.Build.0 = Debug|Any CPU
		{E6D7640B-9411-49C8-81C8-FB45DE6DB146}.Release|Any CPU.ActiveCfg = Release|Any CPU
		{E6D7640B-9411-49C8-81C8-FB45DE6DB146}.Release|Any CPU.Build.0 = Release|Any CPU
		{1ABF8625-2E6A-4BB6-800D-5BC03B22D326}.Debug|Any CPU.ActiveCfg = Debug|Any CPU
		{1ABF8625-2E6A-4BB6-800D-5BC03B22D326}.Debug|Any CPU.Build.0 = Debug|Any CPU
		{1ABF8625-2E6A-4BB6-800D-5BC03B22D326}.Release|Any CPU.ActiveCfg = Release|Any CPU
		{1ABF8625-2E6A-4BB6-800D-5BC03B22D326}.Release|Any CPU.Build.0 = Release|Any CPU
	EndGlobalSection
	GlobalSection(SolutionProperties) = preSolution
		HideSolutionNode = FALSE
	EndGlobalSection
	GlobalSection(ExtensibilityGlobals) = postSolution
		SolutionGuid = {615CE153-ADD6-4B34-AC3B-2357D7B947E9}
	EndGlobalSection
EndGlobal
